
Microsoft Visual Studio Solution File, Format Version 12.00
# Visual Studio Version 17
VisualStudioVersion = 17.8.34309.116
MinimumVisualStudioVersion = 10.0.40219.1
Project("{9A19103F-16F7-4668-BE54-9A1E7A4F7556}") = "Assignment.Shared", "Assignment.Shared\Assignment.Shared.csproj", "{CDCDCEC0-77B9-4090-AD6A-3B3C9F657EE5}"
EndProject
Project("{9A19103F-16F7-4668-BE54-9A1E7A4F7556}") = "Assignment.ConsoleApp", "Assignment.ConsoleApp\Assignment.ConsoleApp.csproj", "{8DBD88AC-985F-431F-8331-73F19E82E3DE}"
EndProject
Project("{FAE04EC0-301F-11D3-BF4B-00C04F79EFBC}") = "Assignment.Tests", "Assignment.Tests\Assignment.Tests.csproj", "{17A31A53-340E-43BE-9041-447FAEA07C31}"
EndProject
Project("{FAE04EC0-301F-11D3-BF4B-00C04F79EFBC}") = "Assignment.WpfApp", "Assignment.WpfApp\Assignment.WpfApp.csproj", "{AB8E9D4A-5EBA-4A70-8D2A-86ABD95F774B}"
EndProject
Global
	GlobalSection(SolutionConfigurationPlatforms) = preSolution
		Debug|Any CPU = Debug|Any CPU
		Release|Any CPU = Release|Any CPU
	EndGlobalSection
	GlobalSection(ProjectConfigurationPlatforms) = postSolution
		{CDCDCEC0-77B9-4090-AD6A-3B3C9F657EE5}.Debug|Any CPU.ActiveCfg = Debug|Any CPU
		{CDCDCEC0-77B9-4090-AD6A-3B3C9F657EE5}.Debug|Any CPU.Build.0 = Debug|Any CPU
		{CDCDCEC0-77B9-4090-AD6A-3B3C9F657EE5}.Release|Any CPU.ActiveCfg = Release|Any CPU
		{CDCDCEC0-77B9-4090-AD6A-3B3C9F657EE5}.Release|Any CPU.Build.0 = Release|Any CPU
		{8DBD88AC-985F-431F-8331-73F19E82E3DE}.Debug|Any CPU.ActiveCfg = Debug|Any CPU
		{8DBD88AC-985F-431F-8331-73F19E82E3DE}.Debug|Any CPU.Build.0 = Debug|Any CPU
		{8DBD88AC-985F-431F-8331-73F19E82E3DE}.Release|Any CPU.ActiveCfg = Release|Any CPU
		{8DBD88AC-985F-431F-8331-73F19E82E3DE}.Release|Any CPU.Build.0 = Release|Any CPU
		{17A31A53-340E-43BE-9041-447FAEA07C31}.Debug|Any CPU.ActiveCfg = Debug|Any CPU
		{17A31A53-340E-43BE-9041-447FAEA07C31}.Debug|Any CPU.Build.0 = Debug|Any CPU
		{17A31A53-340E-43BE-9041-447FAEA07C31}.Release|Any CPU.ActiveCfg = Release|Any CPU
		{17A31A53-340E-43BE-9041-447FAEA07C31}.Release|Any CPU.Build.0 = Release|Any CPU
		{AB8E9D4A-5EBA-4A70-8D2A-86ABD95F774B}.Debug|Any CPU.ActiveCfg = Debug|Any CPU
		{AB8E9D4A-5EBA-4A70-8D2A-86ABD95F774B}.Debug|Any CPU.Build.0 = Debug|Any CPU
		{AB8E9D4A-5EBA-4A70-8D2A-86ABD95F774B}.Release|Any CPU.ActiveCfg = Release|Any CPU
		{AB8E9D4A-5EBA-4A70-8D2A-86ABD95F774B}.Release|Any CPU.Build.0 = Release|Any CPU
	EndGlobalSection
	GlobalSection(SolutionProperties) = preSolution
		HideSolutionNode = FALSE
	EndGlobalSection
	GlobalSection(ExtensibilityGlobals) = postSolution
		SolutionGuid = {23991B02-BACC-477D-9872-3B85FA0E7F40}
	EndGlobalSection
EndGlobal
